
Microsoft Visual Studio Solution File, Format Version 12.00
# Visual Studio Version 17
VisualStudioVersion = 17.3.32825.248
MinimumVisualStudioVersion = 10.0.40219.1
Project("{FAE04EC0-301F-11D3-BF4B-00C04F79EFBC}") = "day1", "day1\day1.csproj", "{A23095A5-C275-40CF-839A-2FCFCEA3D9BF}"
EndProject
Global
	GlobalSection(SolutionConfigurationPlatforms) = preSolution
		Debug|Any CPU = Debug|Any CPU
		Release|Any CPU = Release|Any CPU
	EndGlobalSection
	GlobalSection(ProjectConfigurationPlatforms) = postSolution
		{A23095A5-C275-40CF-839A-2FCFCEA3D9BF}.Debug|Any CPU.ActiveCfg = Debug|Any CPU
		{A23095A5-C275-40CF-839A-2FCFCEA3D9BF}.Debug|Any CPU.Build.0 = Debug|Any CPU
		{A23095A5-C275-40CF-839A-2FCFCEA3D9BF}.Release|Any CPU.ActiveCfg = Release|Any CPU
		{A23095A5-C275-40CF-839A-2FCFCEA3D9BF}.Release|Any CPU.Build.0 = Release|Any CPU
	EndGlobalSection
	GlobalSection(SolutionProperties) = preSolution
		HideSolutionNode = FALSE
	EndGlobalSection
	GlobalSection(ExtensibilityGlobals) = postSolution
		SolutionGuid = {250D6CE0-46F6-4114-AF0E-1355A50D34A9}
	EndGlobalSection
EndGlobal
