
Microsoft Visual Studio Solution File, Format Version 12.00
# Visual Studio Version 17
VisualStudioVersion = 17.3.32825.248
MinimumVisualStudioVersion = 10.0.40219.1
Project("{FAE04EC0-301F-11D3-BF4B-00C04F79EFBC}") = "day10", "day10\day10.csproj", "{28AFC6B4-FD03-4108-9BE2-3F67C4D5F99C}"
EndProject
Global
	GlobalSection(SolutionConfigurationPlatforms) = preSolution
		Debug|Any CPU = Debug|Any CPU
		Release|Any CPU = Release|Any CPU
	EndGlobalSection
	GlobalSection(ProjectConfigurationPlatforms) = postSolution
		{28AFC6B4-FD03-4108-9BE2-3F67C4D5F99C}.Debug|Any CPU.ActiveCfg = Debug|Any CPU
		{28AFC6B4-FD03-4108-9BE2-3F67C4D5F99C}.Debug|Any CPU.Build.0 = Debug|Any CPU
		{28AFC6B4-FD03-4108-9BE2-3F67C4D5F99C}.Release|Any CPU.ActiveCfg = Release|Any CPU
		{28AFC6B4-FD03-4108-9BE2-3F67C4D5F99C}.Release|Any CPU.Build.0 = Release|Any CPU
	EndGlobalSection
	GlobalSection(SolutionProperties) = preSolution
		HideSolutionNode = FALSE
	EndGlobalSection
	GlobalSection(ExtensibilityGlobals) = postSolution
		SolutionGuid = {6A0569C5-F2CD-4C6D-9858-93A5550F6127}
	EndGlobalSection
EndGlobal
