
Microsoft Visual Studio Solution File, Format Version 12.00
# Visual Studio Version 17
VisualStudioVersion = 17.4.33020.496
MinimumVisualStudioVersion = 10.0.40219.1
Project("{FAE04EC0-301F-11D3-BF4B-00C04F79EFBC}") = "day8", "day8\day8.csproj", "{6CFEA7D8-944D-419D-A402-B600188F567F}"
EndProject
Global
	GlobalSection(SolutionConfigurationPlatforms) = preSolution
		Debug|Any CPU = Debug|Any CPU
		Release|Any CPU = Release|Any CPU
	EndGlobalSection
	GlobalSection(ProjectConfigurationPlatforms) = postSolution
		{6CFEA7D8-944D-419D-A402-B600188F567F}.Debug|Any CPU.ActiveCfg = Debug|Any CPU
		{6CFEA7D8-944D-419D-A402-B600188F567F}.Debug|Any CPU.Build.0 = Debug|Any CPU
		{6CFEA7D8-944D-419D-A402-B600188F567F}.Release|Any CPU.ActiveCfg = Release|Any CPU
		{6CFEA7D8-944D-419D-A402-B600188F567F}.Release|Any CPU.Build.0 = Release|Any CPU
	EndGlobalSection
	GlobalSection(SolutionProperties) = preSolution
		HideSolutionNode = FALSE
	EndGlobalSection
	GlobalSection(ExtensibilityGlobals) = postSolution
		SolutionGuid = {8547876E-9FB5-4C8F-B602-09C0F7BB8EBC}
	EndGlobalSection
EndGlobal
